
Microsoft Visual Studio Solution File, Format Version 12.00
# Visual Studio Version 17
VisualStudioVersion = 17.0.31903.59
MinimumVisualStudioVersion = 10.0.40219.1
Project("{2150E333-8FDC-42A3-9474-1A3956D46DE8}") = "Solution Items", "Solution Items", "{E2DA20AA-28D1-455C-BF50-C49A8F831633}"
	ProjectSection(SolutionItems) = preProject
		.editorconfig = .editorconfig
		.gitignore = .gitignore
		Directory.Build.props = Directory.Build.props
		Directory.Packages.props = Directory.Packages.props
		global.json = global.json
		README.md = README.md
	EndProjectSection
EndProject
Project("{2150E333-8FDC-42A3-9474-1A3956D46DE8}") = "TodoLists", "TodoLists", "{02EA681E-C7D8-13C7-8484-4AC65E1B71E8}"
EndProject
Project("{2150E333-8FDC-42A3-9474-1A3956D46DE8}") = "src", "src", "{E3F6F5AF-5F41-40CD-99C5-14498FD3AEA5}"
EndProject
Project("{2150E333-8FDC-42A3-9474-1A3956D46DE8}") = "tests", "tests", "{E1940C75-B85E-4E9F-BCB3-8E79CE4C120A}"
EndProject
Project("{FAE04EC0-301F-11D3-BF4B-00C04F79EFBC}") = "Application", "TodoLists\src\Application\Application.csproj", "{CF027A43-A376-4A13-B07C-A287262C3C7C}"
EndProject
Project("{FAE04EC0-301F-11D3-BF4B-00C04F79EFBC}") = "Domain", "TodoLists\src\Domain\Domain.csproj", "{C087A329-6D91-507F-237C-562EA3A5DCDE}"
EndProject
Project("{FAE04EC0-301F-11D3-BF4B-00C04F79EFBC}") = "Infrastructure", "TodoLists\src\Infrastructure\Infrastructure.csproj", "{23B92FBE-F54F-40FD-3FF1-0AD916AEA91B}"
EndProject
Project("{FAE04EC0-301F-11D3-BF4B-00C04F79EFBC}") = "Web", "TodoLists\src\Web\Web.csproj", "{7DE008DE-8295-5BC0-F3AD-50B268C934B3}"
EndProject
Project("{FAE04EC0-301F-11D3-BF4B-00C04F79EFBC}") = "Application.FunctionalTests", "TodoLists\tests\Application.FunctionalTests\Application.FunctionalTests.csproj", "{AAC8229B-64E8-EB84-0C25-9426F1B4D8C7}"
EndProject
Project("{FAE04EC0-301F-11D3-BF4B-00C04F79EFBC}") = "Application.UnitTests", "TodoLists\tests\Application.UnitTests\Application.UnitTests.csproj", "{ABAD3158-79AD-5F36-0A40-142C53407C77}"
EndProject
Project("{FAE04EC0-301F-11D3-BF4B-00C04F79EFBC}") = "Domain.UnitTests", "TodoLists\tests\Domain.UnitTests\Domain.UnitTests.csproj", "{61ED73CC-C186-296C-BF32-B0472D5241B1}"
EndProject
Project("{FAE04EC0-301F-11D3-BF4B-00C04F79EFBC}") = "Infrastructure.IntegrationTests", "TodoLists\tests\Infrastructure.IntegrationTests\Infrastructure.IntegrationTests.csproj", "{C0BCBDF6-44DD-C158-30D9-7D24E8261D83}"
EndProject
Project("{FAE04EC0-301F-11D3-BF4B-00C04F79EFBC}") = "ConsoleApp", "TodoLists\src\ConsoleApp\ConsoleApp.csproj", "{D1E8EEA0-9738-416B-9FE3-A4D863729C64}"
EndProject
Global
	GlobalSection(SolutionConfigurationPlatforms) = preSolution
		Debug|Any CPU = Debug|Any CPU
		Release|Any CPU = Release|Any CPU
	EndGlobalSection
	GlobalSection(ProjectConfigurationPlatforms) = postSolution
		{CF027A43-A376-4A13-B07C-A287262C3C7C}.Debug|Any CPU.ActiveCfg = Debug|Any CPU
		{CF027A43-A376-4A13-B07C-A287262C3C7C}.Debug|Any CPU.Build.0 = Debug|Any CPU
		{CF027A43-A376-4A13-B07C-A287262C3C7C}.Release|Any CPU.ActiveCfg = Release|Any CPU
		{CF027A43-A376-4A13-B07C-A287262C3C7C}.Release|Any CPU.Build.0 = Release|Any CPU
		{C087A329-6D91-507F-237C-562EA3A5DCDE}.Debug|Any CPU.ActiveCfg = Debug|Any CPU
		{C087A329-6D91-507F-237C-562EA3A5DCDE}.Debug|Any CPU.Build.0 = Debug|Any CPU
		{C087A329-6D91-507F-237C-562EA3A5DCDE}.Release|Any CPU.ActiveCfg = Release|Any CPU
		{C087A329-6D91-507F-237C-562EA3A5DCDE}.Release|Any CPU.Build.0 = Release|Any CPU
		{23B92FBE-F54F-40FD-3FF1-0AD916AEA91B}.Debug|Any CPU.ActiveCfg = Debug|Any CPU
		{23B92FBE-F54F-40FD-3FF1-0AD916AEA91B}.Debug|Any CPU.Build.0 = Debug|Any CPU
		{23B92FBE-F54F-40FD-3FF1-0AD916AEA91B}.Release|Any CPU.ActiveCfg = Release|Any CPU
		{23B92FBE-F54F-40FD-3FF1-0AD916AEA91B}.Release|Any CPU.Build.0 = Release|Any CPU
		{7DE008DE-8295-5BC0-F3AD-50B268C934B3}.Debug|Any CPU.ActiveCfg = Debug|Any CPU
		{7DE008DE-8295-5BC0-F3AD-50B268C934B3}.Debug|Any CPU.Build.0 = Debug|Any CPU
		{7DE008DE-8295-5BC0-F3AD-50B268C934B3}.Release|Any CPU.ActiveCfg = Release|Any CPU
		{7DE008DE-8295-5BC0-F3AD-50B268C934B3}.Release|Any CPU.Build.0 = Release|Any CPU
		{AAC8229B-64E8-EB84-0C25-9426F1B4D8C7}.Debug|Any CPU.ActiveCfg = Debug|Any CPU
		{AAC8229B-64E8-EB84-0C25-9426F1B4D8C7}.Debug|Any CPU.Build.0 = Debug|Any CPU
		{AAC8229B-64E8-EB84-0C25-9426F1B4D8C7}.Release|Any CPU.ActiveCfg = Release|Any CPU
		{AAC8229B-64E8-EB84-0C25-9426F1B4D8C7}.Release|Any CPU.Build.0 = Release|Any CPU
		{ABAD3158-79AD-5F36-0A40-142C53407C77}.Debug|Any CPU.ActiveCfg = Debug|Any CPU
		{ABAD3158-79AD-5F36-0A40-142C53407C77}.Debug|Any CPU.Build.0 = Debug|Any CPU
		{ABAD3158-79AD-5F36-0A40-142C53407C77}.Release|Any CPU.ActiveCfg = Release|Any CPU
		{ABAD3158-79AD-5F36-0A40-142C53407C77}.Release|Any CPU.Build.0 = Release|Any CPU
		{61ED73CC-C186-296C-BF32-B0472D5241B1}.Debug|Any CPU.ActiveCfg = Debug|Any CPU
		{61ED73CC-C186-296C-BF32-B0472D5241B1}.Debug|Any CPU.Build.0 = Debug|Any CPU
		{61ED73CC-C186-296C-BF32-B0472D5241B1}.Release|Any CPU.ActiveCfg = Release|Any CPU
		{61ED73CC-C186-296C-BF32-B0472D5241B1}.Release|Any CPU.Build.0 = Release|Any CPU
		{C0BCBDF6-44DD-C158-30D9-7D24E8261D83}.Debug|Any CPU.ActiveCfg = Debug|Any CPU
		{C0BCBDF6-44DD-C158-30D9-7D24E8261D83}.Debug|Any CPU.Build.0 = Debug|Any CPU
		{C0BCBDF6-44DD-C158-30D9-7D24E8261D83}.Release|Any CPU.ActiveCfg = Release|Any CPU
		{C0BCBDF6-44DD-C158-30D9-7D24E8261D83}.Release|Any CPU.Build.0 = Release|Any CPU
		{D1E8EEA0-9738-416B-9FE3-A4D863729C64}.Debug|Any CPU.ActiveCfg = Debug|Any CPU
		{D1E8EEA0-9738-416B-9FE3-A4D863729C64}.Debug|Any CPU.Build.0 = Debug|Any CPU
		{D1E8EEA0-9738-416B-9FE3-A4D863729C64}.Release|Any CPU.ActiveCfg = Release|Any CPU
		{D1E8EEA0-9738-416B-9FE3-A4D863729C64}.Release|Any CPU.Build.0 = Release|Any CPU
	EndGlobalSection
	GlobalSection(SolutionProperties) = preSolution
		HideSolutionNode = FALSE
	EndGlobalSection
	GlobalSection(NestedProjects) = preSolution
		{E3F6F5AF-5F41-40CD-99C5-14498FD3AEA5} = {02EA681E-C7D8-13C7-8484-4AC65E1B71E8}
		{E1940C75-B85E-4E9F-BCB3-8E79CE4C120A} = {02EA681E-C7D8-13C7-8484-4AC65E1B71E8}
		{CF027A43-A376-4A13-B07C-A287262C3C7C} = {E3F6F5AF-5F41-40CD-99C5-14498FD3AEA5}
		{C087A329-6D91-507F-237C-562EA3A5DCDE} = {E3F6F5AF-5F41-40CD-99C5-14498FD3AEA5}
		{23B92FBE-F54F-40FD-3FF1-0AD916AEA91B} = {E3F6F5AF-5F41-40CD-99C5-14498FD3AEA5}
		{7DE008DE-8295-5BC0-F3AD-50B268C934B3} = {E3F6F5AF-5F41-40CD-99C5-14498FD3AEA5}
		{AAC8229B-64E8-EB84-0C25-9426F1B4D8C7} = {E1940C75-B85E-4E9F-BCB3-8E79CE4C120A}
		{ABAD3158-79AD-5F36-0A40-142C53407C77} = {E1940C75-B85E-4E9F-BCB3-8E79CE4C120A}
		{61ED73CC-C186-296C-BF32-B0472D5241B1} = {E1940C75-B85E-4E9F-BCB3-8E79CE4C120A}
		{C0BCBDF6-44DD-C158-30D9-7D24E8261D83} = {E1940C75-B85E-4E9F-BCB3-8E79CE4C120A}
		{D1E8EEA0-9738-416B-9FE3-A4D863729C64} = {E3F6F5AF-5F41-40CD-99C5-14498FD3AEA5}
	EndGlobalSection
	GlobalSection(ExtensibilityGlobals) = postSolution
		SolutionGuid = {3CB609D9-5D54-4C11-A371-DAAC8B74E430}
	EndGlobalSection
EndGlobal
